
Microsoft Visual Studio Solution File, Format Version 12.00
# Visual Studio 15
VisualStudioVersion = 15.0.28307.489
MinimumVisualStudioVersion = 10.0.40219.1
Project("{9A19103F-16F7-4668-BE54-9A1E7A4F7556}") = "Grafos", "ConectividadeGoodman\Grafos.csproj", "{A2780067-442B-4BA0-ADB5-98BB4EEAEF6C}"
EndProject
Global
	GlobalSection(SolutionConfigurationPlatforms) = preSolution
		Debug|Any CPU = Debug|Any CPU
		Release|Any CPU = Release|Any CPU
	EndGlobalSection
	GlobalSection(ProjectConfigurationPlatforms) = postSolution
		{A2780067-442B-4BA0-ADB5-98BB4EEAEF6C}.Debug|Any CPU.ActiveCfg = Debug|Any CPU
		{A2780067-442B-4BA0-ADB5-98BB4EEAEF6C}.Debug|Any CPU.Build.0 = Debug|Any CPU
		{A2780067-442B-4BA0-ADB5-98BB4EEAEF6C}.Release|Any CPU.ActiveCfg = Release|Any CPU
		{A2780067-442B-4BA0-ADB5-98BB4EEAEF6C}.Release|Any CPU.Build.0 = Release|Any CPU
	EndGlobalSection
	GlobalSection(SolutionProperties) = preSolution
		HideSolutionNode = FALSE
	EndGlobalSection
	GlobalSection(ExtensibilityGlobals) = postSolution
		SolutionGuid = {39E56D03-1F50-4E9E-91E3-3426590A62DC}
	EndGlobalSection
EndGlobal
